{
  "name": "nm_doctorbook_licet",
  "version": "1.0.0",
  "lockfileVersion": 3,
  "requires": true,
  "packages": {
    "": {
      "name": "nm_doctorbook_licet",
      "version": "1.0.0",
      "license": "ISC",
      "dependencies": {
        "nm_doctorbook_licet": "file:"
      }
    },
    "node_modules/nm_doctorbook_licet": {
      "resolved": "",
      "link": true
    }
  }
}
